
Microsoft Visual Studio Solution File, Format Version 12.00
# Visual Studio 2013
VisualStudioVersion = 12.0.21005.1
MinimumVisualStudioVersion = 10.0.40219.1
Project("{8BC9CEB8-8B4A-11D0-8D11-00A0C91BC942}") = "lab1", "lab1\lab1.vcxproj", "{DFE1DCD2-16A8-46C4-AACE-2716D5667D45}"
EndProject
Global
	GlobalSection(SolutionConfigurationPlatforms) = preSolution
		Debug|Win32 = Debug|Win32
		Release|Win32 = Release|Win32
	EndGlobalSection
	GlobalSection(ProjectConfigurationPlatforms) = postSolution
		{DFE1DCD2-16A8-46C4-AACE-2716D5667D45}.Debug|Win32.ActiveCfg = Debug|Win32
		{DFE1DCD2-16A8-46C4-AACE-2716D5667D45}.Debug|Win32.Build.0 = Debug|Win32
		{DFE1DCD2-16A8-46C4-AACE-2716D5667D45}.Release|Win32.ActiveCfg = Release|Win32
		{DFE1DCD2-16A8-46C4-AACE-2716D5667D45}.Release|Win32.Build.0 = Release|Win32
	EndGlobalSection
	GlobalSection(SolutionProperties) = preSolution
		HideSolutionNode = FALSE
	EndGlobalSection
EndGlobal
